
Microsoft Visual Studio Solution File, Format Version 12.00
# Visual Studio Version 17
VisualStudioVersion = 17.0.31903.59
MinimumVisualStudioVersion = 10.0.40219.1
Project("{FAE04EC0-301F-11D3-BF4B-00C04F79EFBC}") = "Day5Part1", "Day5Part1\Day5Part1.csproj", "{90E84463-048E-4C33-96B8-9084D2E2F816}"
EndProject
Project("{FAE04EC0-301F-11D3-BF4B-00C04F79EFBC}") = "Day5Part2", "Day5Part2\Day5Part2.csproj", "{29EEDF05-6A1B-43CD-B320-B9B11A2DBD07}"
EndProject
Global
	GlobalSection(SolutionConfigurationPlatforms) = preSolution
		Debug|Any CPU = Debug|Any CPU
		Release|Any CPU = Release|Any CPU
	EndGlobalSection
	GlobalSection(SolutionProperties) = preSolution
		HideSolutionNode = FALSE
	EndGlobalSection
	GlobalSection(ProjectConfigurationPlatforms) = postSolution
		{90E84463-048E-4C33-96B8-9084D2E2F816}.Debug|Any CPU.ActiveCfg = Debug|Any CPU
		{90E84463-048E-4C33-96B8-9084D2E2F816}.Debug|Any CPU.Build.0 = Debug|Any CPU
		{90E84463-048E-4C33-96B8-9084D2E2F816}.Release|Any CPU.ActiveCfg = Release|Any CPU
		{90E84463-048E-4C33-96B8-9084D2E2F816}.Release|Any CPU.Build.0 = Release|Any CPU
		{29EEDF05-6A1B-43CD-B320-B9B11A2DBD07}.Debug|Any CPU.ActiveCfg = Debug|Any CPU
		{29EEDF05-6A1B-43CD-B320-B9B11A2DBD07}.Debug|Any CPU.Build.0 = Debug|Any CPU
		{29EEDF05-6A1B-43CD-B320-B9B11A2DBD07}.Release|Any CPU.ActiveCfg = Release|Any CPU
		{29EEDF05-6A1B-43CD-B320-B9B11A2DBD07}.Release|Any CPU.Build.0 = Release|Any CPU
	EndGlobalSection
EndGlobal
